// !$*UTF8*$!
{
	archiveVersion = 1;
	classes = {
	};
	objectVersion = 56;
	objects = {

/* Begin PBXBuildFile section */
		F845FCD72B617C51000C8E07 /* MovieService.swift in Sources */ = {isa = PBXBuildFile; fileRef = F845FCD62B617C51000C8E07 /* MovieService.swift */; };
		F845FCD92B618816000C8E07 /* MovieResponse.swift in Sources */ = {isa = PBXBuildFile; fileRef = F845FCD82B618816000C8E07 /* MovieResponse.swift */; };
		F876D9C62B7E987E00595B34 /* FirebaseAuth in Frameworks */ = {isa = PBXBuildFile; productRef = F876D9C52B7E987E00595B34 /* FirebaseAuth */; };
		F876D9C82B7E987E00595B34 /* FirebaseAuthCombine-Community in Frameworks */ = {isa = PBXBuildFile; productRef = F876D9C72B7E987E00595B34 /* FirebaseAuthCombine-Community */; };
		F876D9FC2B7E98A100595B34 /* FirebaseAuth in Frameworks */ = {isa = PBXBuildFile; productRef = F876D9FB2B7E98A100595B34 /* FirebaseAuth */; };
		F876DA242B7E9B4400595B34 /* GoogleService-Info.plist in Resources */ = {isa = PBXBuildFile; fileRef = F876DA232B7E9B4400595B34 /* GoogleService-Info.plist */; };
		F876DA2B2B7EA08700595B34 /* AuthenticationView.swift in Sources */ = {isa = PBXBuildFile; fileRef = F876DA2A2B7EA08700595B34 /* AuthenticationView.swift */; };
		F88C5B8A2B6E721600B0FB6F /* MovieView.swift in Sources */ = {isa = PBXBuildFile; fileRef = F88C5B892B6E721600B0FB6F /* MovieView.swift */; };
		F88C5B8C2B6E807500B0FB6F /* AsyncImage+TMDb.swift in Sources */ = {isa = PBXBuildFile; fileRef = F88C5B8B2B6E807500B0FB6F /* AsyncImage+TMDb.swift */; };
		F8A495972B59158300702073 /* movieradarApp.swift in Sources */ = {isa = PBXBuildFile; fileRef = F8A495962B59158300702073 /* movieradarApp.swift */; };
		F8A495992B59158300702073 /* ContentView.swift in Sources */ = {isa = PBXBuildFile; fileRef = F8A495982B59158300702073 /* ContentView.swift */; };
		F8A4959B2B59158500702073 /* Assets.xcassets in Resources */ = {isa = PBXBuildFile; fileRef = F8A4959A2B59158500702073 /* Assets.xcassets */; };
		F8A4959E2B59158500702073 /* Preview Assets.xcassets in Resources */ = {isa = PBXBuildFile; fileRef = F8A4959D2B59158500702073 /* Preview Assets.xcassets */; };
		F8E6C9B72B6168ED00AD2128 /* JSONDecoder+TMDb.swift in Sources */ = {isa = PBXBuildFile; fileRef = F8E6C9B62B6168ED00AD2128 /* JSONDecoder+TMDb.swift */; };
		F8E6C9B92B6169F500AD2128 /* URL+TMDb.swift in Sources */ = {isa = PBXBuildFile; fileRef = F8E6C9B82B6169F500AD2128 /* URL+TMDb.swift */; };
		F8E6C9BE2B616AF000AD2128 /* Movie.swift in Sources */ = {isa = PBXBuildFile; fileRef = F8E6C9BD2B616AF000AD2128 /* Movie.swift */; };
		F8E6C9C02B616AF300AD2128 /* Genre.swift in Sources */ = {isa = PBXBuildFile; fileRef = F8E6C9BF2B616AF300AD2128 /* Genre.swift */; };
/* End PBXBuildFile section */

/* Begin PBXFileReference section */
		F845FCD62B617C51000C8E07 /* MovieService.swift */ = {isa = PBXFileReference; lastKnownFileType = sourcecode.swift; path = MovieService.swift; sourceTree = "<group>"; };
		F845FCD82B618816000C8E07 /* MovieResponse.swift */ = {isa = PBXFileReference; lastKnownFileType = sourcecode.swift; path = MovieResponse.swift; sourceTree = "<group>"; };
		F876DA232B7E9B4400595B34 /* GoogleService-Info.plist */ = {isa = PBXFileReference; fileEncoding = 4; lastKnownFileType = text.plist.xml; path = "GoogleService-Info.plist"; sourceTree = "<group>"; };
		F876DA2A2B7EA08700595B34 /* AuthenticationView.swift */ = {isa = PBXFileReference; lastKnownFileType = sourcecode.swift; path = AuthenticationView.swift; sourceTree = "<group>"; };
		F88C5B892B6E721600B0FB6F /* MovieView.swift */ = {isa = PBXFileReference; lastKnownFileType = sourcecode.swift; path = MovieView.swift; sourceTree = "<group>"; };
		F88C5B8B2B6E807500B0FB6F /* AsyncImage+TMDb.swift */ = {isa = PBXFileReference; lastKnownFileType = sourcecode.swift; path = "AsyncImage+TMDb.swift"; sourceTree = "<group>"; };
		F8A495932B59158300702073 /* movieradar.app */ = {isa = PBXFileReference; explicitFileType = wrapper.application; includeInIndex = 0; path = movieradar.app; sourceTree = BUILT_PRODUCTS_DIR; };
		F8A495962B59158300702073 /* movieradarApp.swift */ = {isa = PBXFileReference; lastKnownFileType = sourcecode.swift; path = movieradarApp.swift; sourceTree = "<group>"; };
		F8A495982B59158300702073 /* ContentView.swift */ = {isa = PBXFileReference; lastKnownFileType = sourcecode.swift; path = ContentView.swift; sourceTree = "<group>"; };
		F8A4959A2B59158500702073 /* Assets.xcassets */ = {isa = PBXFileReference; lastKnownFileType = folder.assetcatalog; path = Assets.xcassets; sourceTree = "<group>"; };
		F8A4959D2B59158500702073 /* Preview Assets.xcassets */ = {isa = PBXFileReference; lastKnownFileType = folder.assetcatalog; path = "Preview Assets.xcassets"; sourceTree = "<group>"; };
		F8E6C9B62B6168ED00AD2128 /* JSONDecoder+TMDb.swift */ = {isa = PBXFileReference; lastKnownFileType = sourcecode.swift; path = "JSONDecoder+TMDb.swift"; sourceTree = "<group>"; };
		F8E6C9B82B6169F500AD2128 /* URL+TMDb.swift */ = {isa = PBXFileReference; lastKnownFileType = sourcecode.swift; path = "URL+TMDb.swift"; sourceTree = "<group>"; };
		F8E6C9BD2B616AF000AD2128 /* Movie.swift */ = {isa = PBXFileReference; fileEncoding = 4; lastKnownFileType = sourcecode.swift; path = Movie.swift; sourceTree = "<group>"; };
		F8E6C9BF2B616AF300AD2128 /* Genre.swift */ = {isa = PBXFileReference; lastKnownFileType = sourcecode.swift; path = Genre.swift; sourceTree = "<group>"; };
/* End PBXFileReference section */

/* Begin PBXFrameworksBuildPhase section */
		F8A495902B59158300702073 /* Frameworks */ = {
			isa = PBXFrameworksBuildPhase;
			buildActionMask = 2147483647;
			files = (
				F876D9C62B7E987E00595B34 /* FirebaseAuth in Frameworks */,
				F876D9FC2B7E98A100595B34 /* FirebaseAuth in Frameworks */,
				F876D9C82B7E987E00595B34 /* FirebaseAuthCombine-Community in Frameworks */,
			);
			runOnlyForDeploymentPostprocessing = 0;
		};
/* End PBXFrameworksBuildPhase section */

/* Begin PBXGroup section */
		F876DA252B7EA00700595B34 /* Authentication */ = {
			isa = PBXGroup;
			children = (
				F876DA2A2B7EA08700595B34 /* AuthenticationView.swift */,
			);
			path = Authentication;
			sourceTree = "<group>";
		};
		F88C5B882B6E71F900B0FB6F /* view */ = {
			isa = PBXGroup;
			children = (
				F88C5B892B6E721600B0FB6F /* MovieView.swift */,
			);
			path = view;
			sourceTree = "<group>";
		};
		F8A4958A2B59158300702073 = {
			isa = PBXGroup;
			children = (
				F876DA252B7EA00700595B34 /* Authentication */,
				F8E6C9BA2B616AA600AD2128 /* TMDb */,
				F8E6C9B52B6168C200AD2128 /* Extensions */,
				F8A495982B59158300702073 /* ContentView.swift */,
				F8A495962B59158300702073 /* movieradarApp.swift */,
				F8A4959A2B59158500702073 /* Assets.xcassets */,
				F876DA232B7E9B4400595B34 /* GoogleService-Info.plist */,
				F8A4959C2B59158500702073 /* Preview Content */,
				F8A495942B59158300702073 /* Products */,
			);
			sourceTree = "<group>";
		};
		F8A495942B59158300702073 /* Products */ = {
			isa = PBXGroup;
			children = (
				F8A495932B59158300702073 /* movieradar.app */,
			);
			name = Products;
			sourceTree = "<group>";
		};
		F8A4959C2B59158500702073 /* Preview Content */ = {
			isa = PBXGroup;
			children = (
				F8A4959D2B59158500702073 /* Preview Assets.xcassets */,
			);
			name = "Preview Content";
			path = "movieradar/Preview Content";
			sourceTree = "<group>";
		};
		F8E6C9B52B6168C200AD2128 /* Extensions */ = {
			isa = PBXGroup;
			children = (
				F8E6C9B62B6168ED00AD2128 /* JSONDecoder+TMDb.swift */,
				F8E6C9B82B6169F500AD2128 /* URL+TMDb.swift */,
				F88C5B8B2B6E807500B0FB6F /* AsyncImage+TMDb.swift */,
			);
			path = Extensions;
			sourceTree = "<group>";
		};
		F8E6C9BA2B616AA600AD2128 /* TMDb */ = {
			isa = PBXGroup;
			children = (
				F88C5B882B6E71F900B0FB6F /* view */,
				F8E6C9BC2B616AE800AD2128 /* service */,
				F8E6C9BB2B616AE200AD2128 /* model */,
			);
			path = TMDb;
			sourceTree = "<group>";
		};
		F8E6C9BB2B616AE200AD2128 /* model */ = {
			isa = PBXGroup;
			children = (
				F8E6C9BF2B616AF300AD2128 /* Genre.swift */,
				F8E6C9BD2B616AF000AD2128 /* Movie.swift */,
				F845FCD82B618816000C8E07 /* MovieResponse.swift */,
			);
			path = model;
			sourceTree = "<group>";
		};
		F8E6C9BC2B616AE800AD2128 /* service */ = {
			isa = PBXGroup;
			children = (
				F845FCD62B617C51000C8E07 /* MovieService.swift */,
			);
			path = service;
			sourceTree = "<group>";
		};
/* End PBXGroup section */

/* Begin PBXNativeTarget section */
		F8A495922B59158300702073 /* movieradar */ = {
			isa = PBXNativeTarget;
			buildConfigurationList = F8A495A12B59158500702073 /* Build configuration list for PBXNativeTarget "movieradar" */;
			buildPhases = (
				F8A4958F2B59158300702073 /* Sources */,
				F8A495902B59158300702073 /* Frameworks */,
				F8A495912B59158300702073 /* Resources */,
			);
			buildRules = (
			);
			dependencies = (
			);
			name = movieradar;
			packageProductDependencies = (
				F876D9C52B7E987E00595B34 /* FirebaseAuth */,
				F876D9C72B7E987E00595B34 /* FirebaseAuthCombine-Community */,
				F876D9FB2B7E98A100595B34 /* FirebaseAuth */,
			);
			productName = movieradar;
			productReference = F8A495932B59158300702073 /* movieradar.app */;
			productType = "com.apple.product-type.application";
		};
/* End PBXNativeTarget section */

/* Begin PBXProject section */
		F8A4958B2B59158300702073 /* Project object */ = {
			isa = PBXProject;
			attributes = {
				BuildIndependentTargetsInParallel = 1;
				LastSwiftUpdateCheck = 1520;
				LastUpgradeCheck = 1520;
				TargetAttributes = {
					F8A495922B59158300702073 = {
						CreatedOnToolsVersion = 15.2;
					};
				};
			};
			buildConfigurationList = F8A4958E2B59158300702073 /* Build configuration list for PBXProject "movieradar" */;
			compatibilityVersion = "Xcode 14.0";
			developmentRegion = en;
			hasScannedForEncodings = 0;
			knownRegions = (
				en,
				Base,
			);
			mainGroup = F8A4958A2B59158300702073;
			packageReferences = (
				F88C6F302B5DB61200C0716D /* XCRemoteSwiftPackageReference "firebase-ios-sdk" */,
			);
			productRefGroup = F8A495942B59158300702073 /* Products */;
			projectDirPath = "";
			projectRoot = "";
			targets = (
				F8A495922B59158300702073 /* movieradar */,
			);
		};
/* End PBXProject section */

/* Begin PBXResourcesBuildPhase section */
		F8A495912B59158300702073 /* Resources */ = {
			isa = PBXResourcesBuildPhase;
			buildActionMask = 2147483647;
			files = (
				F8A4959E2B59158500702073 /* Preview Assets.xcassets in Resources */,
				F8A4959B2B59158500702073 /* Assets.xcassets in Resources */,
				F876DA242B7E9B4400595B34 /* GoogleService-Info.plist in Resources */,
			);
			runOnlyForDeploymentPostprocessing = 0;
		};
/* End PBXResourcesBuildPhase section */

/* Begin PBXSourcesBuildPhase section */
		F8A4958F2B59158300702073 /* Sources */ = {
			isa = PBXSourcesBuildPhase;
			buildActionMask = 2147483647;
			files = (
				F8A495992B59158300702073 /* ContentView.swift in Sources */,
				F88C5B8C2B6E807500B0FB6F /* AsyncImage+TMDb.swift in Sources */,
				F8A495972B59158300702073 /* movieradarApp.swift in Sources */,
				F8E6C9B92B6169F500AD2128 /* URL+TMDb.swift in Sources */,
				F8E6C9C02B616AF300AD2128 /* Genre.swift in Sources */,
				F88C5B8A2B6E721600B0FB6F /* MovieView.swift in Sources */,
				F8E6C9B72B6168ED00AD2128 /* JSONDecoder+TMDb.swift in Sources */,
				F876DA2B2B7EA08700595B34 /* AuthenticationView.swift in Sources */,
				F845FCD92B618816000C8E07 /* MovieResponse.swift in Sources */,
				F8E6C9BE2B616AF000AD2128 /* Movie.swift in Sources */,
				F845FCD72B617C51000C8E07 /* MovieService.swift in Sources */,
			);
			runOnlyForDeploymentPostprocessing = 0;
		};
/* End PBXSourcesBuildPhase section */

/* Begin XCBuildConfiguration section */
		F8A4959F2B59158500702073 /* Debug */ = {
			isa = XCBuildConfiguration;
			buildSettings = {
				ALWAYS_SEARCH_USER_PATHS = NO;
				ASSETCATALOG_COMPILER_GENERATE_SWIFT_ASSET_SYMBOL_EXTENSIONS = YES;
				CLANG_ANALYZER_NONNULL = YES;
				CLANG_ANALYZER_NUMBER_OBJECT_CONVERSION = YES_AGGRESSIVE;
				CLANG_CXX_LANGUAGE_STANDARD = "gnu++20";
				CLANG_ENABLE_MODULES = YES;
				CLANG_ENABLE_OBJC_ARC = YES;
				CLANG_ENABLE_OBJC_WEAK = YES;
				CLANG_WARN_BLOCK_CAPTURE_AUTORELEASING = YES;
				CLANG_WARN_BOOL_CONVERSION = YES;
				CLANG_WARN_COMMA = YES;
				CLANG_WARN_CONSTANT_CONVERSION = YES;
				CLANG_WARN_DEPRECATED_OBJC_IMPLEMENTATIONS = YES;
				CLANG_WARN_DIRECT_OBJC_ISA_USAGE = YES_ERROR;
				CLANG_WARN_DOCUMENTATION_COMMENTS = YES;
				CLANG_WARN_EMPTY_BODY = YES;
				CLANG_WARN_ENUM_CONVERSION = YES;
				CLANG_WARN_INFINITE_RECURSION = YES;
				CLANG_WARN_INT_CONVERSION = YES;
				CLANG_WARN_NON_LITERAL_NULL_CONVERSION = YES;
				CLANG_WARN_OBJC_IMPLICIT_RETAIN_SELF = YES;
				CLANG_WARN_OBJC_LITERAL_CONVERSION = YES;
				CLANG_WARN_OBJC_ROOT_CLASS = YES_ERROR;
				CLANG_WARN_QUOTED_INCLUDE_IN_FRAMEWORK_HEADER = YES;
				CLANG_WARN_RANGE_LOOP_ANALYSIS = YES;
				CLANG_WARN_STRICT_PROTOTYPES = YES;
				CLANG_WARN_SUSPICIOUS_MOVE = YES;
				CLANG_WARN_UNGUARDED_AVAILABILITY = YES_AGGRESSIVE;
				CLANG_WARN_UNREACHABLE_CODE = YES;
				CLANG_WARN__DUPLICATE_METHOD_MATCH = YES;
				COPY_PHASE_STRIP = NO;
				DEBUG_INFORMATION_FORMAT = dwarf;
				ENABLE_STRICT_OBJC_MSGSEND = YES;
				ENABLE_TESTABILITY = YES;
				ENABLE_USER_SCRIPT_SANDBOXING = YES;
				GCC_C_LANGUAGE_STANDARD = gnu17;
				GCC_DYNAMIC_NO_PIC = NO;
				GCC_NO_COMMON_BLOCKS = YES;
				GCC_OPTIMIZATION_LEVEL = 0;
				GCC_PREPROCESSOR_DEFINITIONS = (
					"DEBUG=1",
					"$(inherited)",
				);
				GCC_WARN_64_TO_32_BIT_CONVERSION = YES;
				GCC_WARN_ABOUT_RETURN_TYPE = YES_ERROR;
				GCC_WARN_UNDECLARED_SELECTOR = YES;
				GCC_WARN_UNINITIALIZED_AUTOS = YES_AGGRESSIVE;
				GCC_WARN_UNUSED_FUNCTION = YES;
				GCC_WARN_UNUSED_VARIABLE = YES;
				IPHONEOS_DEPLOYMENT_TARGET = 17.2;
				LOCALIZATION_PREFERS_STRING_CATALOGS = YES;
				MTL_ENABLE_DEBUG_INFO = INCLUDE_SOURCE;
				MTL_FAST_MATH = YES;
				ONLY_ACTIVE_ARCH = YES;
				SDKROOT = iphoneos;
				SWIFT_ACTIVE_COMPILATION_CONDITIONS = "DEBUG $(inherited)";
				SWIFT_OPTIMIZATION_LEVEL = "-Onone";
			};
			name = Debug;
		};
		F8A495A02B59158500702073 /* Release */ = {
			isa = XCBuildConfiguration;
			buildSettings = {
				ALWAYS_SEARCH_USER_PATHS = NO;
				ASSETCATALOG_COMPILER_GENERATE_SWIFT_ASSET_SYMBOL_EXTENSIONS = YES;
				CLANG_ANALYZER_NONNULL = YES;
				CLANG_ANALYZER_NUMBER_OBJECT_CONVERSION = YES_AGGRESSIVE;
				CLANG_CXX_LANGUAGE_STANDARD = "gnu++20";
				CLANG_ENABLE_MODULES = YES;
				CLANG_ENABLE_OBJC_ARC = YES;
				CLANG_ENABLE_OBJC_WEAK = YES;
				CLANG_WARN_BLOCK_CAPTURE_AUTORELEASING = YES;
				CLANG_WARN_BOOL_CONVERSION = YES;
				CLANG_WARN_COMMA = YES;
				CLANG_WARN_CONSTANT_CONVERSION = YES;
				CLANG_WARN_DEPRECATED_OBJC_IMPLEMENTATIONS = YES;
				CLANG_WARN_DIRECT_OBJC_ISA_USAGE = YES_ERROR;
				CLANG_WARN_DOCUMENTATION_COMMENTS = YES;
				CLANG_WARN_EMPTY_BODY = YES;
				CLANG_WARN_ENUM_CONVERSION = YES;
				CLANG_WARN_INFINITE_RECURSION = YES;
				CLANG_WARN_INT_CONVERSION = YES;
				CLANG_WARN_NON_LITERAL_NULL_CONVERSION = YES;
				CLANG_WARN_OBJC_IMPLICIT_RETAIN_SELF = YES;
				CLANG_WARN_OBJC_LITERAL_CONVERSION = YES;
				CLANG_WARN_OBJC_ROOT_CLASS = YES_ERROR;
				CLANG_WARN_QUOTED_INCLUDE_IN_FRAMEWORK_HEADER = YES;
				CLANG_WARN_RANGE_LOOP_ANALYSIS = YES;
				CLANG_WARN_STRICT_PROTOTYPES = YES;
				CLANG_WARN_SUSPICIOUS_MOVE = YES;
				CLANG_WARN_UNGUARDED_AVAILABILITY = YES_AGGRESSIVE;
				CLANG_WARN_UNREACHABLE_CODE = YES;
				CLANG_WARN__DUPLICATE_METHOD_MATCH = YES;
				COPY_PHASE_STRIP = NO;
				DEBUG_INFORMATION_FORMAT = "dwarf-with-dsym";
				ENABLE_NS_ASSERTIONS = NO;
				ENABLE_STRICT_OBJC_MSGSEND = YES;
				ENABLE_USER_SCRIPT_SANDBOXING = YES;
				GCC_C_LANGUAGE_STANDARD = gnu17;
				GCC_NO_COMMON_BLOCKS = YES;
				GCC_WARN_64_TO_32_BIT_CONVERSION = YES;
				GCC_WARN_ABOUT_RETURN_TYPE = YES_ERROR;
				GCC_WARN_UNDECLARED_SELECTOR = YES;
				GCC_WARN_UNINITIALIZED_AUTOS = YES_AGGRESSIVE;
				GCC_WARN_UNUSED_FUNCTION = YES;
				GCC_WARN_UNUSED_VARIABLE = YES;
				IPHONEOS_DEPLOYMENT_TARGET = 17.2;
				LOCALIZATION_PREFERS_STRING_CATALOGS = YES;
				MTL_ENABLE_DEBUG_INFO = NO;
				MTL_FAST_MATH = YES;
				SDKROOT = iphoneos;
				SWIFT_COMPILATION_MODE = wholemodule;
				VALIDATE_PRODUCT = YES;
			};
			name = Release;
		};
		F8A495A22B59158500702073 /* Debug */ = {
			isa = XCBuildConfiguration;
			buildSettings = {
				ASSETCATALOG_COMPILER_APPICON_NAME = AppIcon;
				ASSETCATALOG_COMPILER_GLOBAL_ACCENT_COLOR_NAME = AccentColor;
				CODE_SIGN_STYLE = Automatic;
				CURRENT_PROJECT_VERSION = 1;
				DEVELOPMENT_ASSET_PATHS = "\"movieradar/Preview Content\"";
				ENABLE_PREVIEWS = YES;
				GENERATE_INFOPLIST_FILE = YES;
				INFOPLIST_KEY_UIApplicationSceneManifest_Generation = YES;
				INFOPLIST_KEY_UIApplicationSupportsIndirectInputEvents = YES;
				INFOPLIST_KEY_UILaunchScreen_Generation = YES;
				INFOPLIST_KEY_UISupportedInterfaceOrientations_iPad = "UIInterfaceOrientationPortrait UIInterfaceOrientationPortraitUpsideDown UIInterfaceOrientationLandscapeLeft UIInterfaceOrientationLandscapeRight";
				INFOPLIST_KEY_UISupportedInterfaceOrientations_iPhone = "UIInterfaceOrientationPortrait UIInterfaceOrientationLandscapeLeft UIInterfaceOrientationLandscapeRight";
				LD_RUNPATH_SEARCH_PATHS = (
					"$(inherited)",
					"@executable_path/Frameworks",
				);
				MARKETING_VERSION = 1.0;
				PRODUCT_BUNDLE_IDENTIFIER = com.movie.movieradar;
				PRODUCT_NAME = "$(TARGET_NAME)";
				SWIFT_EMIT_LOC_STRINGS = YES;
				SWIFT_VERSION = 5.0;
				TARGETED_DEVICE_FAMILY = "1,2";
			};
			name = Debug;
		};
		F8A495A32B59158500702073 /* Release */ = {
			isa = XCBuildConfiguration;
			buildSettings = {
				ASSETCATALOG_COMPILER_APPICON_NAME = AppIcon;
				ASSETCATALOG_COMPILER_GLOBAL_ACCENT_COLOR_NAME = AccentColor;
				CODE_SIGN_STYLE = Automatic;
				CURRENT_PROJECT_VERSION = 1;
				DEVELOPMENT_ASSET_PATHS = "\"movieradar/Preview Content\"";
				ENABLE_PREVIEWS = YES;
				GENERATE_INFOPLIST_FILE = YES;
				INFOPLIST_KEY_UIApplicationSceneManifest_Generation = YES;
				INFOPLIST_KEY_UIApplicationSupportsIndirectInputEvents = YES;
				INFOPLIST_KEY_UILaunchScreen_Generation = YES;
				INFOPLIST_KEY_UISupportedInterfaceOrientations_iPad = "UIInterfaceOrientationPortrait UIInterfaceOrientationPortraitUpsideDown UIInterfaceOrientationLandscapeLeft UIInterfaceOrientationLandscapeRight";
				INFOPLIST_KEY_UISupportedInterfaceOrientations_iPhone = "UIInterfaceOrientationPortrait UIInterfaceOrientationLandscapeLeft UIInterfaceOrientationLandscapeRight";
				LD_RUNPATH_SEARCH_PATHS = (
					"$(inherited)",
					"@executable_path/Frameworks",
				);
				MARKETING_VERSION = 1.0;
				PRODUCT_BUNDLE_IDENTIFIER = com.movie.movieradar;
				PRODUCT_NAME = "$(TARGET_NAME)";
				SWIFT_EMIT_LOC_STRINGS = YES;
				SWIFT_VERSION = 5.0;
				TARGETED_DEVICE_FAMILY = "1,2";
			};
			name = Release;
		};
/* End XCBuildConfiguration section */

/* Begin XCConfigurationList section */
		F8A4958E2B59158300702073 /* Build configuration list for PBXProject "movieradar" */ = {
			isa = XCConfigurationList;
			buildConfigurations = (
				F8A4959F2B59158500702073 /* Debug */,
				F8A495A02B59158500702073 /* Release */,
			);
			defaultConfigurationIsVisible = 0;
			defaultConfigurationName = Release;
		};
		F8A495A12B59158500702073 /* Build configuration list for PBXNativeTarget "movieradar" */ = {
			isa = XCConfigurationList;
			buildConfigurations = (
				F8A495A22B59158500702073 /* Debug */,
				F8A495A32B59158500702073 /* Release */,
			);
			defaultConfigurationIsVisible = 0;
			defaultConfigurationName = Release;
		};
/* End XCConfigurationList section */

/* Begin XCRemoteSwiftPackageReference section */
		F88C6F302B5DB61200C0716D /* XCRemoteSwiftPackageReference "firebase-ios-sdk" */ = {
			isa = XCRemoteSwiftPackageReference;
			repositoryURL = "https://github.com/firebase/firebase-ios-sdk";
			requirement = {
				kind = upToNextMajorVersion;
				minimumVersion = 10.20.0;
			};
		};
/* End XCRemoteSwiftPackageReference section */

/* Begin XCSwiftPackageProductDependency section */
		F876D9C52B7E987E00595B34 /* FirebaseAuth */ = {
			isa = XCSwiftPackageProductDependency;
			productName = FirebaseAuth;
		};
		F876D9C72B7E987E00595B34 /* FirebaseAuthCombine-Community */ = {
			isa = XCSwiftPackageProductDependency;
			productName = "FirebaseAuthCombine-Community";
		};
		F876D9FB2B7E98A100595B34 /* FirebaseAuth */ = {
			isa = XCSwiftPackageProductDependency;
			productName = FirebaseAuth;
		};
/* End XCSwiftPackageProductDependency section */
	};
	rootObject = F8A4958B2B59158300702073 /* Project object */;
}
